
Microsoft Visual Studio Solution File, Format Version 12.00
# Visual Studio Version 17
VisualStudioVersion = 17.0.31903.59
MinimumVisualStudioVersion = 10.0.40219.1
Project("{FAE04EC0-301F-11D3-BF4B-00C04F79EFBC}") = "Winding Number", "Winding Number\Winding Number.csproj", "{0BB64412-5FAE-45EF-8986-2BF18A95467E}"
EndProject
Global
	GlobalSection(SolutionConfigurationPlatforms) = preSolution
		Debug|Any CPU = Debug|Any CPU
		Release|Any CPU = Release|Any CPU
	EndGlobalSection
	GlobalSection(SolutionProperties) = preSolution
		HideSolutionNode = FALSE
	EndGlobalSection
	GlobalSection(ProjectConfigurationPlatforms) = postSolution
		{0BB64412-5FAE-45EF-8986-2BF18A95467E}.Debug|Any CPU.ActiveCfg = Debug|Any CPU
		{0BB64412-5FAE-45EF-8986-2BF18A95467E}.Debug|Any CPU.Build.0 = Debug|Any CPU
		{0BB64412-5FAE-45EF-8986-2BF18A95467E}.Release|Any CPU.ActiveCfg = Release|Any CPU
		{0BB64412-5FAE-45EF-8986-2BF18A95467E}.Release|Any CPU.Build.0 = Release|Any CPU
	EndGlobalSection
EndGlobal
